
Microsoft Visual Studio Solution File, Format Version 12.00
# Visual Studio Version 16
VisualStudioVersion = 16.0.33423.256
MinimumVisualStudioVersion = 10.0.40219.1
Project("{FAE04EC0-301F-11D3-BF4B-00C04F79EFBC}") = "CapaPresentacionAdmin", "CapaPresentacionAdmin\CapaPresentacionAdmin.csproj", "{D5CA8B23-DE07-43CF-9BD3-92D7A899907D}"
EndProject
Project("{FAE04EC0-301F-11D3-BF4B-00C04F79EFBC}") = "CapaPresentacionTienda", "CapaPresentacionTienda\CapaPresentacionTienda.csproj", "{1751B0AA-AC93-4A76-81F6-394BD3F7D692}"
EndProject
Project("{FAE04EC0-301F-11D3-BF4B-00C04F79EFBC}") = "CapaDatos", "CapaDatos\CapaDatos.csproj", "{9B9FB3A7-1F43-4551-BBF3-DE14132175DC}"
EndProject
Project("{FAE04EC0-301F-11D3-BF4B-00C04F79EFBC}") = "CapaEntidad", "CapaEntidad\CapaEntidad.csproj", "{AD5BB6C8-63CA-446C-83CC-021C5BEC1879}"
EndProject
Project("{FAE04EC0-301F-11D3-BF4B-00C04F79EFBC}") = "CapaNegocio", "CapaNegocio\CapaNegocio.csproj", "{160F99D3-69E6-4857-BBED-8113D6A4A611}"
EndProject
Global
	GlobalSection(SolutionConfigurationPlatforms) = preSolution
		Debug|Any CPU = Debug|Any CPU
		Release|Any CPU = Release|Any CPU
	EndGlobalSection
	GlobalSection(ProjectConfigurationPlatforms) = postSolution
		{D5CA8B23-DE07-43CF-9BD3-92D7A899907D}.Debug|Any CPU.ActiveCfg = Debug|Any CPU
		{D5CA8B23-DE07-43CF-9BD3-92D7A899907D}.Debug|Any CPU.Build.0 = Debug|Any CPU
		{D5CA8B23-DE07-43CF-9BD3-92D7A899907D}.Release|Any CPU.ActiveCfg = Release|Any CPU
		{D5CA8B23-DE07-43CF-9BD3-92D7A899907D}.Release|Any CPU.Build.0 = Release|Any CPU
		{1751B0AA-AC93-4A76-81F6-394BD3F7D692}.Debug|Any CPU.ActiveCfg = Debug|Any CPU
		{1751B0AA-AC93-4A76-81F6-394BD3F7D692}.Debug|Any CPU.Build.0 = Debug|Any CPU
		{1751B0AA-AC93-4A76-81F6-394BD3F7D692}.Release|Any CPU.ActiveCfg = Release|Any CPU
		{1751B0AA-AC93-4A76-81F6-394BD3F7D692}.Release|Any CPU.Build.0 = Release|Any CPU
		{9B9FB3A7-1F43-4551-BBF3-DE14132175DC}.Debug|Any CPU.ActiveCfg = Debug|Any CPU
		{9B9FB3A7-1F43-4551-BBF3-DE14132175DC}.Debug|Any CPU.Build.0 = Debug|Any CPU
		{9B9FB3A7-1F43-4551-BBF3-DE14132175DC}.Release|Any CPU.ActiveCfg = Release|Any CPU
		{9B9FB3A7-1F43-4551-BBF3-DE14132175DC}.Release|Any CPU.Build.0 = Release|Any CPU
		{AD5BB6C8-63CA-446C-83CC-021C5BEC1879}.Debug|Any CPU.ActiveCfg = Debug|Any CPU
		{AD5BB6C8-63CA-446C-83CC-021C5BEC1879}.Debug|Any CPU.Build.0 = Debug|Any CPU
		{AD5BB6C8-63CA-446C-83CC-021C5BEC1879}.Release|Any CPU.ActiveCfg = Release|Any CPU
		{AD5BB6C8-63CA-446C-83CC-021C5BEC1879}.Release|Any CPU.Build.0 = Release|Any CPU
		{160F99D3-69E6-4857-BBED-8113D6A4A611}.Debug|Any CPU.ActiveCfg = Debug|Any CPU
		{160F99D3-69E6-4857-BBED-8113D6A4A611}.Debug|Any CPU.Build.0 = Debug|Any CPU
		{160F99D3-69E6-4857-BBED-8113D6A4A611}.Release|Any CPU.ActiveCfg = Release|Any CPU
		{160F99D3-69E6-4857-BBED-8113D6A4A611}.Release|Any CPU.Build.0 = Release|Any CPU
	EndGlobalSection
	GlobalSection(SolutionProperties) = preSolution
		HideSolutionNode = FALSE
	EndGlobalSection
	GlobalSection(ExtensibilityGlobals) = postSolution
		SolutionGuid = {95296666-027B-4809-AB88-8C307D7CC47C}
	EndGlobalSection
EndGlobal
